
Microsoft Visual Studio Solution File, Format Version 12.00
# Visual Studio Version 16
VisualStudioVersion = 16.0.31129.286
MinimumVisualStudioVersion = 10.0.40219.1
Project("{FAE04EC0-301F-11D3-BF4B-00C04F79EFBC}") = "OnlineStore", "OnlineStore\OnlineStore.csproj", "{E0434E81-B849-4377-A257-A0838032F88F}"
	ProjectSection(ProjectDependencies) = postProject
		{E38DD853-1A0D-42ED-865E-D681E6E7F36D} = {E38DD853-1A0D-42ED-865E-D681E6E7F36D}
	EndProjectSection
EndProject
Project("{FAE04EC0-301F-11D3-BF4B-00C04F79EFBC}") = "OnlineStore.Domain.Core", "OnlineStore.Domain.Core\OnlineStore.Domain.Core.csproj", "{AA8E7300-3685-4375-9EAE-584E93AB52A5}"
EndProject
Project("{FAE04EC0-301F-11D3-BF4B-00C04F79EFBC}") = "OnlineStore.Domain.Interfaces", "OnlineStore.Domain.Interfaces\OnlineStore.Domain.Interfaces.csproj", "{F1E93EBD-5E11-48D9-83DC-4FAF19CF767F}"
EndProject
Project("{FAE04EC0-301F-11D3-BF4B-00C04F79EFBC}") = "OnlineStore.Infrastructure.Data", "OnlineStore.Infrastructure.Data\OnlineStore.Infrastructure.Data.csproj", "{97F04C86-A815-40EE-87F7-A72D9AE55EC1}"
EndProject
Project("{FAE04EC0-301F-11D3-BF4B-00C04F79EFBC}") = "OnlineStore.Infrastructure.Business", "OnlineStore.Infrastructure.Business\OnlineStore.Infrastructure.Business.csproj", "{51E3E345-36E8-41B2-8BB5-ADBCF049EF88}"
EndProject
Project("{2150E333-8FDC-42A3-9474-1A3956D46DE8}") = "Domain", "Domain", "{15644589-1844-4ED7-8A48-0013D779E5AD}"
EndProject
Project("{2150E333-8FDC-42A3-9474-1A3956D46DE8}") = "Infrastructure", "Infrastructure", "{B9C6A47C-38C1-4EB3-A154-B1314007F5ED}"
EndProject
Project("{FAE04EC0-301F-11D3-BF4B-00C04F79EFBC}") = "WCFBackend", "WCFBackend\WCFBackend.csproj", "{E38DD853-1A0D-42ED-865E-D681E6E7F36D}"
EndProject
Global
	GlobalSection(SolutionConfigurationPlatforms) = preSolution
		Debug|Any CPU = Debug|Any CPU
		Release|Any CPU = Release|Any CPU
	EndGlobalSection
	GlobalSection(ProjectConfigurationPlatforms) = postSolution
		{E0434E81-B849-4377-A257-A0838032F88F}.Debug|Any CPU.ActiveCfg = Debug|Any CPU
		{E0434E81-B849-4377-A257-A0838032F88F}.Debug|Any CPU.Build.0 = Debug|Any CPU
		{E0434E81-B849-4377-A257-A0838032F88F}.Release|Any CPU.ActiveCfg = Release|Any CPU
		{E0434E81-B849-4377-A257-A0838032F88F}.Release|Any CPU.Build.0 = Release|Any CPU
		{AA8E7300-3685-4375-9EAE-584E93AB52A5}.Debug|Any CPU.ActiveCfg = Debug|Any CPU
		{AA8E7300-3685-4375-9EAE-584E93AB52A5}.Debug|Any CPU.Build.0 = Debug|Any CPU
		{AA8E7300-3685-4375-9EAE-584E93AB52A5}.Release|Any CPU.ActiveCfg = Release|Any CPU
		{AA8E7300-3685-4375-9EAE-584E93AB52A5}.Release|Any CPU.Build.0 = Release|Any CPU
		{F1E93EBD-5E11-48D9-83DC-4FAF19CF767F}.Debug|Any CPU.ActiveCfg = Debug|Any CPU
		{F1E93EBD-5E11-48D9-83DC-4FAF19CF767F}.Debug|Any CPU.Build.0 = Debug|Any CPU
		{F1E93EBD-5E11-48D9-83DC-4FAF19CF767F}.Release|Any CPU.ActiveCfg = Release|Any CPU
		{F1E93EBD-5E11-48D9-83DC-4FAF19CF767F}.Release|Any CPU.Build.0 = Release|Any CPU
		{97F04C86-A815-40EE-87F7-A72D9AE55EC1}.Debug|Any CPU.ActiveCfg = Debug|Any CPU
		{97F04C86-A815-40EE-87F7-A72D9AE55EC1}.Debug|Any CPU.Build.0 = Debug|Any CPU
		{97F04C86-A815-40EE-87F7-A72D9AE55EC1}.Release|Any CPU.ActiveCfg = Release|Any CPU
		{97F04C86-A815-40EE-87F7-A72D9AE55EC1}.Release|Any CPU.Build.0 = Release|Any CPU
		{51E3E345-36E8-41B2-8BB5-ADBCF049EF88}.Debug|Any CPU.ActiveCfg = Debug|Any CPU
		{51E3E345-36E8-41B2-8BB5-ADBCF049EF88}.Debug|Any CPU.Build.0 = Debug|Any CPU
		{51E3E345-36E8-41B2-8BB5-ADBCF049EF88}.Release|Any CPU.ActiveCfg = Release|Any CPU
		{51E3E345-36E8-41B2-8BB5-ADBCF049EF88}.Release|Any CPU.Build.0 = Release|Any CPU
		{E38DD853-1A0D-42ED-865E-D681E6E7F36D}.Debug|Any CPU.ActiveCfg = Debug|Any CPU
		{E38DD853-1A0D-42ED-865E-D681E6E7F36D}.Debug|Any CPU.Build.0 = Debug|Any CPU
		{E38DD853-1A0D-42ED-865E-D681E6E7F36D}.Release|Any CPU.ActiveCfg = Release|Any CPU
		{E38DD853-1A0D-42ED-865E-D681E6E7F36D}.Release|Any CPU.Build.0 = Release|Any CPU
	EndGlobalSection
	GlobalSection(SolutionProperties) = preSolution
		HideSolutionNode = FALSE
	EndGlobalSection
	GlobalSection(NestedProjects) = preSolution
		{AA8E7300-3685-4375-9EAE-584E93AB52A5} = {15644589-1844-4ED7-8A48-0013D779E5AD}
		{F1E93EBD-5E11-48D9-83DC-4FAF19CF767F} = {15644589-1844-4ED7-8A48-0013D779E5AD}
		{97F04C86-A815-40EE-87F7-A72D9AE55EC1} = {B9C6A47C-38C1-4EB3-A154-B1314007F5ED}
		{51E3E345-36E8-41B2-8BB5-ADBCF049EF88} = {B9C6A47C-38C1-4EB3-A154-B1314007F5ED}
	EndGlobalSection
	GlobalSection(ExtensibilityGlobals) = postSolution
		SolutionGuid = {F1A5E677-2D26-4D15-9F4F-D86F08DFDC15}
	EndGlobalSection
EndGlobal
